
Microsoft Visual Studio Solution File, Format Version 12.00
# Visual Studio Version 16
VisualStudioVersion = 16.0.31321.278
MinimumVisualStudioVersion = 10.0.40219.1
Project("{FAE04EC0-301F-11D3-BF4B-00C04F79EFBC}") = "Calculator[19-40279-1]", "Calculator[19-40279-1].csproj", "{3F3CA34E-20B2-4255-B495-FBDF00EFD8CC}"
EndProject
Global
	GlobalSection(SolutionConfigurationPlatforms) = preSolution
		Debug|Any CPU = Debug|Any CPU
		Release|Any CPU = Release|Any CPU
	EndGlobalSection
	GlobalSection(ProjectConfigurationPlatforms) = postSolution
		{3F3CA34E-20B2-4255-B495-FBDF00EFD8CC}.Debug|Any CPU.ActiveCfg = Debug|Any CPU
		{3F3CA34E-20B2-4255-B495-FBDF00EFD8CC}.Debug|Any CPU.Build.0 = Debug|Any CPU
		{3F3CA34E-20B2-4255-B495-FBDF00EFD8CC}.Release|Any CPU.ActiveCfg = Release|Any CPU
		{3F3CA34E-20B2-4255-B495-FBDF00EFD8CC}.Release|Any CPU.Build.0 = Release|Any CPU
	EndGlobalSection
	GlobalSection(SolutionProperties) = preSolution
		HideSolutionNode = FALSE
	EndGlobalSection
	GlobalSection(ExtensibilityGlobals) = postSolution
		SolutionGuid = {4646C2F9-A63C-45D3-8FF4-F8C963303A46}
	EndGlobalSection
EndGlobal
